
Microsoft Visual Studio Solution File, Format Version 12.00
# Visual Studio 15
VisualStudioVersion = 15.0.26730.12
MinimumVisualStudioVersion = 10.0.40219.1
Project("{FAE04EC0-301F-11D3-BF4B-00C04F79EFBC}") = "ConsoleApp5", "ConsoleApp5\ConsoleApp5.csproj", "{549E4696-6FDA-4A28-9B7D-C9AB4A708738}"
EndProject
Global
	GlobalSection(SolutionConfigurationPlatforms) = preSolution
		Debug|Any CPU = Debug|Any CPU
		Release|Any CPU = Release|Any CPU
	EndGlobalSection
	GlobalSection(ProjectConfigurationPlatforms) = postSolution
		{549E4696-6FDA-4A28-9B7D-C9AB4A708738}.Debug|Any CPU.ActiveCfg = Debug|Any CPU
		{549E4696-6FDA-4A28-9B7D-C9AB4A708738}.Debug|Any CPU.Build.0 = Debug|Any CPU
		{549E4696-6FDA-4A28-9B7D-C9AB4A708738}.Release|Any CPU.ActiveCfg = Release|Any CPU
		{549E4696-6FDA-4A28-9B7D-C9AB4A708738}.Release|Any CPU.Build.0 = Release|Any CPU
	EndGlobalSection
	GlobalSection(SolutionProperties) = preSolution
		HideSolutionNode = FALSE
	EndGlobalSection
	GlobalSection(ExtensibilityGlobals) = postSolution
		SolutionGuid = {3B377C86-D21E-42CE-AAF7-72580EFAB773}
	EndGlobalSection
EndGlobal
